// !$*UTF8*$!
{
	archiveVersion = 1;
	classes = {
	};
	objectVersion = 46;
	objects = {

/* Begin PBXBuildFile section */
		C14771F11DB3FADD00786719 /* AppDelegate.swift in Sources */ = {isa = PBXBuildFile; fileRef = C14771F01DB3FADD00786719 /* AppDelegate.swift */; };
		C14771F31DB3FADD00786719 /* ViewController.swift in Sources */ = {isa = PBXBuildFile; fileRef = C14771F21DB3FADD00786719 /* ViewController.swift */; };
		C14771F61DB3FADD00786719 /* Main.storyboard in Resources */ = {isa = PBXBuildFile; fileRef = C14771F41DB3FADD00786719 /* Main.storyboard */; };
		C14771F81DB3FADD00786719 /* Assets.xcassets in Resources */ = {isa = PBXBuildFile; fileRef = C14771F71DB3FADD00786719 /* Assets.xcassets */; };
		C14771FB1DB3FADD00786719 /* LaunchScreen.storyboard in Resources */ = {isa = PBXBuildFile; fileRef = C14771F91DB3FADD00786719 /* LaunchScreen.storyboard */; };
/* End PBXBuildFile section */

/* Begin PBXFileReference section */
		C14771ED1DB3FADD00786719 /* isItPrime.app */ = {isa = PBXFileReference; explicitFileType = wrapper.application; includeInIndex = 0; path = isItPrime.app; sourceTree = BUILT_PRODUCTS_DIR; };
		C14771F01DB3FADD00786719 /* AppDelegate.swift */ = {isa = PBXFileReference; lastKnownFileType = sourcecode.swift; path = AppDelegate.swift; sourceTree = "<group>"; };
		C14771F21DB3FADD00786719 /* ViewController.swift */ = {isa = PBXFileReference; lastKnownFileType = sourcecode.swift; path = ViewController.swift; sourceTree = "<group>"; };
		C14771F51DB3FADD00786719 /* Base */ = {isa = PBXFileReference; lastKnownFileType = file.storyboard; name = Base; path = Base.lproj/Main.storyboard; sourceTree = "<group>"; };
		C14771F71DB3FADD00786719 /* Assets.xcassets */ = {isa = PBXFileReference; lastKnownFileType = folder.assetcatalog; path = Assets.xcassets; sourceTree = "<group>"; };
		C14771FA1DB3FADD00786719 /* Base */ = {isa = PBXFileReference; lastKnownFileType = file.storyboard; name = Base; path = Base.lproj/LaunchScreen.storyboard; sourceTree = "<group>"; };
		C14771FC1DB3FADD00786719 /* Info.plist */ = {isa = PBXFileReference; lastKnownFileType = text.plist.xml; path = Info.plist; sourceTree = "<group>"; };
/* End PBXFileReference section */

/* Begin PBXFrameworksBuildPhase section */
		C14771EA1DB3FADD00786719 /* Frameworks */ = {
			isa = PBXFrameworksBuildPhase;
			buildActionMask = 2147483647;
			files = (
			);
			runOnlyForDeploymentPostprocessing = 0;
		};
/* End PBXFrameworksBuildPhase section */

/* Begin PBXGroup section */
		C14771E41DB3FADD00786719 = {
			isa = PBXGroup;
			children = (
				C14771EF1DB3FADD00786719 /* isItPrime */,
				C14771EE1DB3FADD00786719 /* Products */,
			);
			sourceTree = "<group>";
		};
		C14771EE1DB3FADD00786719 /* Products */ = {
			isa = PBXGroup;
			children = (
				C14771ED1DB3FADD00786719 /* isItPrime.app */,
			);
			name = Products;
			sourceTree = "<group>";
		};
		C14771EF1DB3FADD00786719 /* isItPrime */ = {
			isa = PBXGroup;
			children = (
				C14771F01DB3FADD00786719 /* AppDelegate.swift */,
				C14771F21DB3FADD00786719 /* ViewController.swift */,
				C14771F41DB3FADD00786719 /* Main.storyboard */,
				C14771F71DB3FADD00786719 /* Assets.xcassets */,
				C14771F91DB3FADD00786719 /* LaunchScreen.storyboard */,
				C14771FC1DB3FADD00786719 /* Info.plist */,
			);
			path = isItPrime;
			sourceTree = "<group>";
		};
/* End PBXGroup section */

/* Begin PBXNativeTarget section */
		C14771EC1DB3FADD00786719 /* isItPrime */ = {
			isa = PBXNativeTarget;
			buildConfigurationList = C14771FF1DB3FADD00786719 /* Build configuration list for PBXNativeTarget "isItPrime" */;
			buildPhases = (
				C14771E91DB3FADD00786719 /* Sources */,
				C14771EA1DB3FADD00786719 /* Frameworks */,
				C14771EB1DB3FADD00786719 /* Resources */,
			);
			buildRules = (
			);
			dependencies = (
			);
			name = isItPrime;
			productName = isItPrime;
			productReference = C14771ED1DB3FADD00786719 /* isItPrime.app */;
			productType = "com.apple.product-type.application";
		};
/* End PBXNativeTarget section */

/* Begin PBXProject section */
		C14771E51DB3FADD00786719 /* Project object */ = {
			isa = PBXProject;
			attributes = {
				LastSwiftUpdateCheck = 0800;
				LastUpgradeCheck = 0800;
				ORGANIZATIONNAME = "Neil Houselander";
				TargetAttributes = {
					C14771EC1DB3FADD00786719 = {
						CreatedOnToolsVersion = 8.0;
						DevelopmentTeam = FTM8P5BLUZ;
						ProvisioningStyle = Automatic;
					};
				};
			};
			buildConfigurationList = C14771E81DB3FADD00786719 /* Build configuration list for PBXProject "isItPrime" */;
			compatibilityVersion = "Xcode 3.2";
			developmentRegion = English;
			hasScannedForEncodings = 0;
			knownRegions = (
				en,
				Base,
			);
			mainGroup = C14771E41DB3FADD00786719;
			productRefGroup = C14771EE1DB3FADD00786719 /* Products */;
			projectDirPath = "";
			projectRoot = "";
			targets = (
				C14771EC1DB3FADD00786719 /* isItPrime */,
			);
		};
/* End PBXProject section */

/* Begin PBXResourcesBuildPhase section */
		C14771EB1DB3FADD00786719 /* Resources */ = {
			isa = PBXResourcesBuildPhase;
			buildActionMask = 2147483647;
			files = (
				C14771FB1DB3FADD00786719 /* LaunchScreen.storyboard in Resources */,
				C14771F81DB3FADD00786719 /* Assets.xcassets in Resources */,
				C14771F61DB3FADD00786719 /* Main.storyboard in Resources */,
			);
			runOnlyForDeploymentPostprocessing = 0;
		};
/* End PBXResourcesBuildPhase section */

/* Begin PBXSourcesBuildPhase section */
		C14771E91DB3FADD00786719 /* Sources */ = {
			isa = PBXSourcesBuildPhase;
			buildActionMask = 2147483647;
			files = (
				C14771F31DB3FADD00786719 /* ViewController.swift in Sources */,
				C14771F11DB3FADD00786719 /* AppDelegate.swift in Sources */,
			);
			runOnlyForDeploymentPostprocessing = 0;
		};
/* End PBXSourcesBuildPhase section */

/* Begin PBXVariantGroup section */
		C14771F41DB3FADD00786719 /* Main.storyboard */ = {
			isa = PBXVariantGroup;
			children = (
				C14771F51DB3FADD00786719 /* Base */,
			);
			name = Main.storyboard;
			sourceTree = "<group>";
		};
		C14771F91DB3FADD00786719 /* LaunchScreen.storyboard */ = {
			isa = PBXVariantGroup;
			children = (
				C14771FA1DB3FADD00786719 /* Base */,
			);
			name = LaunchScreen.storyboard;
			sourceTree = "<group>";
		};
/* End PBXVariantGroup section */

/* Begin XCBuildConfiguration section */
		C14771FD1DB3FADD00786719 /* Debug */ = {
			isa = XCBuildConfiguration;
			buildSettings = {
				ALWAYS_SEARCH_USER_PATHS = NO;
				CLANG_ANALYZER_NONNULL = YES;
				CLANG_CXX_LANGUAGE_STANDARD = "gnu++0x";
				CLANG_CXX_LIBRARY = "libc++";
				CLANG_ENABLE_MODULES = YES;
				CLANG_ENABLE_OBJC_ARC = YES;
				CLANG_WARN_BOOL_CONVERSION = YES;
				CLANG_WARN_CONSTANT_CONVERSION = YES;
				CLANG_WARN_DIRECT_OBJC_ISA_USAGE = YES_ERROR;
				CLANG_WARN_DOCUMENTATION_COMMENTS = YES;
				CLANG_WARN_EMPTY_BODY = YES;
				CLANG_WARN_ENUM_CONVERSION = YES;
				CLANG_WARN_INFINITE_RECURSION = YES;
				CLANG_WARN_INT_CONVERSION = YES;
				CLANG_WARN_OBJC_ROOT_CLASS = YES_ERROR;
				CLANG_WARN_SUSPICIOUS_MOVES = YES;
				CLANG_WARN_UNREACHABLE_CODE = YES;
				CLANG_WARN__DUPLICATE_METHOD_MATCH = YES;
				"CODE_SIGN_IDENTITY[sdk=iphoneos*]" = "iPhone Developer";
				COPY_PHASE_STRIP = NO;
				DEBUG_INFORMATION_FORMAT = dwarf;
				ENABLE_STRICT_OBJC_MSGSEND = YES;
				ENABLE_TESTABILITY = YES;
				GCC_C_LANGUAGE_STANDARD = gnu99;
				GCC_DYNAMIC_NO_PIC = NO;
				GCC_NO_COMMON_BLOCKS = YES;
				GCC_OPTIMIZATION_LEVEL = 0;
				GCC_PREPROCESSOR_DEFINITIONS = (
					"DEBUG=1",
					"$(inherited)",
				);
				GCC_WARN_64_TO_32_BIT_CONVERSION = YES;
				GCC_WARN_ABOUT_RETURN_TYPE = YES_ERROR;
				GCC_WARN_UNDECLARED_SELECTOR = YES;
				GCC_WARN_UNINITIALIZED_AUTOS = YES_AGGRESSIVE;
				GCC_WARN_UNUSED_FUNCTION = YES;
				GCC_WARN_UNUSED_VARIABLE = YES;
				IPHONEOS_DEPLOYMENT_TARGET = 10.0;
				MTL_ENABLE_DEBUG_INFO = YES;
				ONLY_ACTIVE_ARCH = YES;
				SDKROOT = iphoneos;
				SWIFT_ACTIVE_COMPILATION_CONDITIONS = DEBUG;
				SWIFT_OPTIMIZATION_LEVEL = "-Onone";
			};
			name = Debug;
		};
		C14771FE1DB3FADD00786719 /* Release */ = {
			isa = XCBuildConfiguration;
			buildSettings = {
				ALWAYS_SEARCH_USER_PATHS = NO;
				CLANG_ANALYZER_NONNULL = YES;
				CLANG_CXX_LANGUAGE_STANDARD = "gnu++0x";
				CLANG_CXX_LIBRARY = "libc++";
				CLANG_ENABLE_MODULES = YES;
				CLANG_ENABLE_OBJC_ARC = YES;
				CLANG_WARN_BOOL_CONVERSION = YES;
				CLANG_WARN_CONSTANT_CONVERSION = YES;
				CLANG_WARN_DIRECT_OBJC_ISA_USAGE = YES_ERROR;
				CLANG_WARN_DOCUMENTATION_COMMENTS = YES;
				CLANG_WARN_EMPTY_BODY = YES;
				CLANG_WARN_ENUM_CONVERSION = YES;
				CLANG_WARN_INFINITE_RECURSION = YES;
				CLANG_WARN_INT_CONVERSION = YES;
				CLANG_WARN_OBJC_ROOT_CLASS = YES_ERROR;
				CLANG_WARN_SUSPICIOUS_MOVES = YES;
				CLANG_WARN_UNREACHABLE_CODE = YES;
				CLANG_WARN__DUPLICATE_METHOD_MATCH = YES;
				"CODE_SIGN_IDENTITY[sdk=iphoneos*]" = "iPhone Developer";
				COPY_PHASE_STRIP = NO;
				DEBUG_INFORMATION_FORMAT = "dwarf-with-dsym";
				ENABLE_NS_ASSERTIONS = NO;
				ENABLE_STRICT_OBJC_MSGSEND = YES;
				GCC_C_LANGUAGE_STANDARD = gnu99;
				GCC_NO_COMMON_BLOCKS = YES;
				GCC_WARN_64_TO_32_BIT_CONVERSION = YES;
				GCC_WARN_ABOUT_RETURN_TYPE = YES_ERROR;
				GCC_WARN_UNDECLARED_SELECTOR = YES;
				GCC_WARN_UNINITIALIZED_AUTOS = YES_AGGRESSIVE;
				GCC_WARN_UNUSED_FUNCTION = YES;
				GCC_WARN_UNUSED_VARIABLE = YES;
				IPHONEOS_DEPLOYMENT_TARGET = 10.0;
				MTL_ENABLE_DEBUG_INFO = NO;
				SDKROOT = iphoneos;
				SWIFT_OPTIMIZATION_LEVEL = "-Owholemodule";
				VALIDATE_PRODUCT = YES;
			};
			name = Release;
		};
		C14772001DB3FADD00786719 /* Debug */ = {
			isa = XCBuildConfiguration;
			buildSettings = {
				ASSETCATALOG_COMPILER_APPICON_NAME = AppIcon;
				DEVELOPMENT_TEAM = FTM8P5BLUZ;
				INFOPLIST_FILE = isItPrime/Info.plist;
				LD_RUNPATH_SEARCH_PATHS = "$(inherited) @executable_path/Frameworks";
				PRODUCT_BUNDLE_IDENTIFIER = House.isItPrime;
				PRODUCT_NAME = "$(TARGET_NAME)";
				SWIFT_VERSION = 3.0;
			};
			name = Debug;
		};
		C14772011DB3FADD00786719 /* Release */ = {
			isa = XCBuildConfiguration;
			buildSettings = {
				ASSETCATALOG_COMPILER_APPICON_NAME = AppIcon;
				DEVELOPMENT_TEAM = FTM8P5BLUZ;
				INFOPLIST_FILE = isItPrime/Info.plist;
				LD_RUNPATH_SEARCH_PATHS = "$(inherited) @executable_path/Frameworks";
				PRODUCT_BUNDLE_IDENTIFIER = House.isItPrime;
				PRODUCT_NAME = "$(TARGET_NAME)";
				SWIFT_VERSION = 3.0;
			};
			name = Release;
		};
/* End XCBuildConfiguration section */

/* Begin XCConfigurationList section */
		C14771E81DB3FADD00786719 /* Build configuration list for PBXProject "isItPrime" */ = {
			isa = XCConfigurationList;
			buildConfigurations = (
				C14771FD1DB3FADD00786719 /* Debug */,
				C14771FE1DB3FADD00786719 /* Release */,
			);
			defaultConfigurationIsVisible = 0;
			defaultConfigurationName = Release;
		};
		C14771FF1DB3FADD00786719 /* Build configuration list for PBXNativeTarget "isItPrime" */ = {
			isa = XCConfigurationList;
			buildConfigurations = (
				C14772001DB3FADD00786719 /* Debug */,
				C14772011DB3FADD00786719 /* Release */,
			);
			defaultConfigurationIsVisible = 0;
		};
/* End XCConfigurationList section */
	};
	rootObject = C14771E51DB3FADD00786719 /* Project object */;
}
